
Microsoft Visual Studio Solution File, Format Version 12.00
# Visual Studio Version 17
VisualStudioVersion = 17.9.34728.123
MinimumVisualStudioVersion = 10.0.40219.1
Project("{FAE04EC0-301F-11D3-BF4B-00C04F79EFBC}") = "FlavorShare.Android", "FlavorShare\FlavorShare.Android\FlavorShare.Android.csproj", "{8704A88C-1225-4E40-B002-E79E8E3748AE}"
EndProject
Project("{FAE04EC0-301F-11D3-BF4B-00C04F79EFBC}") = "FlavorShare.iOS", "FlavorShare\FlavorShare.iOS\FlavorShare.iOS.csproj", "{A9658DBB-30F6-4E74-A496-91E1238CB807}"
EndProject
Project("{FAE04EC0-301F-11D3-BF4B-00C04F79EFBC}") = "FlavorShare", "FlavorShare\FlavorShare\FlavorShare.csproj", "{8B2C6EB8-90EA-42DD-AF4A-4BF1C13B98B0}"
EndProject
Global
	GlobalSection(SolutionConfigurationPlatforms) = preSolution
		Debug|Any CPU = Debug|Any CPU
		Debug|iPhone = Debug|iPhone
		Debug|iPhoneSimulator = Debug|iPhoneSimulator
		Release|Any CPU = Release|Any CPU
		Release|iPhone = Release|iPhone
		Release|iPhoneSimulator = Release|iPhoneSimulator
	EndGlobalSection
	GlobalSection(ProjectConfigurationPlatforms) = postSolution
		{8704A88C-1225-4E40-B002-E79E8E3748AE}.Debug|Any CPU.ActiveCfg = Debug|Any CPU
		{8704A88C-1225-4E40-B002-E79E8E3748AE}.Debug|Any CPU.Build.0 = Debug|Any CPU
		{8704A88C-1225-4E40-B002-E79E8E3748AE}.Debug|Any CPU.Deploy.0 = Debug|Any CPU
		{8704A88C-1225-4E40-B002-E79E8E3748AE}.Debug|iPhone.ActiveCfg = Debug|Any CPU
		{8704A88C-1225-4E40-B002-E79E8E3748AE}.Debug|iPhone.Build.0 = Debug|Any CPU
		{8704A88C-1225-4E40-B002-E79E8E3748AE}.Debug|iPhone.Deploy.0 = Debug|Any CPU
		{8704A88C-1225-4E40-B002-E79E8E3748AE}.Debug|iPhoneSimulator.ActiveCfg = Debug|Any CPU
		{8704A88C-1225-4E40-B002-E79E8E3748AE}.Debug|iPhoneSimulator.Build.0 = Debug|Any CPU
		{8704A88C-1225-4E40-B002-E79E8E3748AE}.Debug|iPhoneSimulator.Deploy.0 = Debug|Any CPU
		{8704A88C-1225-4E40-B002-E79E8E3748AE}.Release|Any CPU.ActiveCfg = Release|Any CPU
		{8704A88C-1225-4E40-B002-E79E8E3748AE}.Release|Any CPU.Build.0 = Release|Any CPU
		{8704A88C-1225-4E40-B002-E79E8E3748AE}.Release|Any CPU.Deploy.0 = Release|Any CPU
		{8704A88C-1225-4E40-B002-E79E8E3748AE}.Release|iPhone.ActiveCfg = Release|Any CPU
		{8704A88C-1225-4E40-B002-E79E8E3748AE}.Release|iPhone.Build.0 = Release|Any CPU
		{8704A88C-1225-4E40-B002-E79E8E3748AE}.Release|iPhone.Deploy.0 = Release|Any CPU
		{8704A88C-1225-4E40-B002-E79E8E3748AE}.Release|iPhoneSimulator.ActiveCfg = Release|Any CPU
		{8704A88C-1225-4E40-B002-E79E8E3748AE}.Release|iPhoneSimulator.Build.0 = Release|Any CPU
		{8704A88C-1225-4E40-B002-E79E8E3748AE}.Release|iPhoneSimulator.Deploy.0 = Release|Any CPU
		{A9658DBB-30F6-4E74-A496-91E1238CB807}.Debug|Any CPU.ActiveCfg = Debug|iPhone
		{A9658DBB-30F6-4E74-A496-91E1238CB807}.Debug|Any CPU.Build.0 = Debug|iPhone
		{A9658DBB-30F6-4E74-A496-91E1238CB807}.Debug|Any CPU.Deploy.0 = Debug|iPhone
		{A9658DBB-30F6-4E74-A496-91E1238CB807}.Debug|iPhone.ActiveCfg = Debug|iPhone
		{A9658DBB-30F6-4E74-A496-91E1238CB807}.Debug|iPhone.Build.0 = Debug|iPhone
		{A9658DBB-30F6-4E74-A496-91E1238CB807}.Debug|iPhone.Deploy.0 = Debug|iPhone
		{A9658DBB-30F6-4E74-A496-91E1238CB807}.Debug|iPhoneSimulator.ActiveCfg = Debug|iPhoneSimulator
		{A9658DBB-30F6-4E74-A496-91E1238CB807}.Debug|iPhoneSimulator.Build.0 = Debug|iPhoneSimulator
		{A9658DBB-30F6-4E74-A496-91E1238CB807}.Debug|iPhoneSimulator.Deploy.0 = Debug|iPhoneSimulator
		{A9658DBB-30F6-4E74-A496-91E1238CB807}.Release|Any CPU.ActiveCfg = Release|iPhoneSimulator
		{A9658DBB-30F6-4E74-A496-91E1238CB807}.Release|Any CPU.Build.0 = Release|iPhoneSimulator
		{A9658DBB-30F6-4E74-A496-91E1238CB807}.Release|Any CPU.Deploy.0 = Release|iPhoneSimulator
		{A9658DBB-30F6-4E74-A496-91E1238CB807}.Release|iPhone.ActiveCfg = Release|iPhone
		{A9658DBB-30F6-4E74-A496-91E1238CB807}.Release|iPhone.Build.0 = Release|iPhone
		{A9658DBB-30F6-4E74-A496-91E1238CB807}.Release|iPhone.Deploy.0 = Release|iPhone
		{A9658DBB-30F6-4E74-A496-91E1238CB807}.Release|iPhoneSimulator.ActiveCfg = Release|iPhoneSimulator
		{A9658DBB-30F6-4E74-A496-91E1238CB807}.Release|iPhoneSimulator.Build.0 = Release|iPhoneSimulator
		{A9658DBB-30F6-4E74-A496-91E1238CB807}.Release|iPhoneSimulator.Deploy.0 = Release|iPhoneSimulator
		{8B2C6EB8-90EA-42DD-AF4A-4BF1C13B98B0}.Debug|Any CPU.ActiveCfg = Debug|Any CPU
		{8B2C6EB8-90EA-42DD-AF4A-4BF1C13B98B0}.Debug|Any CPU.Build.0 = Debug|Any CPU
		{8B2C6EB8-90EA-42DD-AF4A-4BF1C13B98B0}.Debug|Any CPU.Deploy.0 = Debug|Any CPU
		{8B2C6EB8-90EA-42DD-AF4A-4BF1C13B98B0}.Debug|iPhone.ActiveCfg = Debug|Any CPU
		{8B2C6EB8-90EA-42DD-AF4A-4BF1C13B98B0}.Debug|iPhone.Build.0 = Debug|Any CPU
		{8B2C6EB8-90EA-42DD-AF4A-4BF1C13B98B0}.Debug|iPhone.Deploy.0 = Debug|Any CPU
		{8B2C6EB8-90EA-42DD-AF4A-4BF1C13B98B0}.Debug|iPhoneSimulator.ActiveCfg = Debug|Any CPU
		{8B2C6EB8-90EA-42DD-AF4A-4BF1C13B98B0}.Debug|iPhoneSimulator.Build.0 = Debug|Any CPU
		{8B2C6EB8-90EA-42DD-AF4A-4BF1C13B98B0}.Debug|iPhoneSimulator.Deploy.0 = Debug|Any CPU
		{8B2C6EB8-90EA-42DD-AF4A-4BF1C13B98B0}.Release|Any CPU.ActiveCfg = Release|Any CPU
		{8B2C6EB8-90EA-42DD-AF4A-4BF1C13B98B0}.Release|Any CPU.Build.0 = Release|Any CPU
		{8B2C6EB8-90EA-42DD-AF4A-4BF1C13B98B0}.Release|Any CPU.Deploy.0 = Release|Any CPU
		{8B2C6EB8-90EA-42DD-AF4A-4BF1C13B98B0}.Release|iPhone.ActiveCfg = Release|Any CPU
		{8B2C6EB8-90EA-42DD-AF4A-4BF1C13B98B0}.Release|iPhone.Build.0 = Release|Any CPU
		{8B2C6EB8-90EA-42DD-AF4A-4BF1C13B98B0}.Release|iPhone.Deploy.0 = Release|Any CPU
		{8B2C6EB8-90EA-42DD-AF4A-4BF1C13B98B0}.Release|iPhoneSimulator.ActiveCfg = Release|Any CPU
		{8B2C6EB8-90EA-42DD-AF4A-4BF1C13B98B0}.Release|iPhoneSimulator.Build.0 = Release|Any CPU
		{8B2C6EB8-90EA-42DD-AF4A-4BF1C13B98B0}.Release|iPhoneSimulator.Deploy.0 = Release|Any CPU
	EndGlobalSection
	GlobalSection(SolutionProperties) = preSolution
		HideSolutionNode = FALSE
	EndGlobalSection
	GlobalSection(ExtensibilityGlobals) = postSolution
		SolutionGuid = {A06C1830-B666-464A-A9D6-012CD9CE2DCC}
	EndGlobalSection
EndGlobal
